DEPENDENCIES
  puma (~> 0.1.7)

GRAPH
  compat_resource (12.14.7)
  logrotate (2.1.0)
    compat_resource (>= 0.0.0)
  monit (1.0.0)
    poise (~> 2.0)
    poise-monit (~> 1.0)
  poise (2.7.1)
  poise-archive (1.3.0)
    poise (~> 2.6)
  poise-languages (1.4.0)
    poise (~> 2.5)
    poise-archive (~> 1.0)
  poise-monit (1.5.2)
    poise (~> 2.6)
    poise-languages (~> 1.4)
    poise-service (~> 1.1)
  poise-service (1.4.2)
    poise (~> 2.0)
  puma (0.1.7)
    logrotate (>= 0.0.0)
    monit (>= 0.0.0)
